
Microsoft Visual Studio Solution File, Format Version 12.00
# Visual Studio Version 17
VisualStudioVersion = 17.5.2.0
MinimumVisualStudioVersion = 10.0.40219.1
Project("{FAE04EC0-301F-11D3-BF4B-00C04F79EFBC}") = "Newmark.API", "Newmark.API\Newmark.API.csproj", "{8B4F9B06-DDEF-4230-8214-C93A6FFAC205}"
EndProject
Project("{FAE04EC0-301F-11D3-BF4B-00C04F79EFBC}") = "Newmark.API.Tests", "Newmark.API.Tests\Newmark.API.Tests.csproj", "{29613B97-9253-4E08-85AC-13C8EEC24C1F}"
EndProject
Global
	GlobalSection(SolutionConfigurationPlatforms) = preSolution
		Debug|Any CPU = Debug|Any CPU
		Debug|x64 = Debug|x64
		Debug|x86 = Debug|x86
		Release|Any CPU = Release|Any CPU
		Release|x64 = Release|x64
		Release|x86 = Release|x86
	EndGlobalSection
	GlobalSection(ProjectConfigurationPlatforms) = postSolution
		{8B4F9B06-DDEF-4230-8214-C93A6FFAC205}.Debug|Any CPU.ActiveCfg = Debug|Any CPU
		{8B4F9B06-DDEF-4230-8214-C93A6FFAC205}.Debug|Any CPU.Build.0 = Debug|Any CPU
		{8B4F9B06-DDEF-4230-8214-C93A6FFAC205}.Debug|x64.ActiveCfg = Debug|Any CPU
		{8B4F9B06-DDEF-4230-8214-C93A6FFAC205}.Debug|x64.Build.0 = Debug|Any CPU
		{8B4F9B06-DDEF-4230-8214-C93A6FFAC205}.Debug|x86.ActiveCfg = Debug|Any CPU
		{8B4F9B06-DDEF-4230-8214-C93A6FFAC205}.Debug|x86.Build.0 = Debug|Any CPU
		{8B4F9B06-DDEF-4230-8214-C93A6FFAC205}.Release|Any CPU.ActiveCfg = Release|Any CPU
		{8B4F9B06-DDEF-4230-8214-C93A6FFAC205}.Release|Any CPU.Build.0 = Release|Any CPU
		{8B4F9B06-DDEF-4230-8214-C93A6FFAC205}.Release|x64.ActiveCfg = Release|Any CPU
		{8B4F9B06-DDEF-4230-8214-C93A6FFAC205}.Release|x64.Build.0 = Release|Any CPU
		{8B4F9B06-DDEF-4230-8214-C93A6FFAC205}.Release|x86.ActiveCfg = Release|Any CPU
		{8B4F9B06-DDEF-4230-8214-C93A6FFAC205}.Release|x86.Build.0 = Release|Any CPU
		{29613B97-9253-4E08-85AC-13C8EEC24C1F}.Debug|Any CPU.ActiveCfg = Debug|Any CPU
		{29613B97-9253-4E08-85AC-13C8EEC24C1F}.Debug|Any CPU.Build.0 = Debug|Any CPU
		{29613B97-9253-4E08-85AC-13C8EEC24C1F}.Debug|x64.ActiveCfg = Debug|Any CPU
		{29613B97-9253-4E08-85AC-13C8EEC24C1F}.Debug|x64.Build.0 = Debug|Any CPU
		{29613B97-9253-4E08-85AC-13C8EEC24C1F}.Debug|x86.ActiveCfg = Debug|Any CPU
		{29613B97-9253-4E08-85AC-13C8EEC24C1F}.Debug|x86.Build.0 = Debug|Any CPU
		{29613B97-9253-4E08-85AC-13C8EEC24C1F}.Release|Any CPU.ActiveCfg = Release|Any CPU
		{29613B97-9253-4E08-85AC-13C8EEC24C1F}.Release|Any CPU.Build.0 = Release|Any CPU
		{29613B97-9253-4E08-85AC-13C8EEC24C1F}.Release|x64.ActiveCfg = Release|Any CPU
		{29613B97-9253-4E08-85AC-13C8EEC24C1F}.Release|x64.Build.0 = Release|Any CPU
		{29613B97-9253-4E08-85AC-13C8EEC24C1F}.Release|x86.ActiveCfg = Release|Any CPU
		{29613B97-9253-4E08-85AC-13C8EEC24C1F}.Release|x86.Build.0 = Release|Any CPU
	EndGlobalSection
	GlobalSection(SolutionProperties) = preSolution
		HideSolutionNode = FALSE
	EndGlobalSection
	GlobalSection(ExtensibilityGlobals) = postSolution
		SolutionGuid = {93C973E1-A49A-4A92-BF8B-38CE70E656F2}
	EndGlobalSection
EndGlobal
